// !$*UTF8*$!
{
	archiveVersion = 1;
	classes = {
	};
	objectVersion = 46;
	objects = {

/* Begin PBXBuildFile section */
		368D6D7A1BF1EA2400A50364 /* main.m in Sources */ = {isa = PBXBuildFile; fileRef = 368D6D791BF1EA2400A50364 /* main.m */; };
		368D6D7D1BF1EA2400A50364 /* AppDelegate.m in Sources */ = {isa = PBXBuildFile; fileRef = 368D6D7C1BF1EA2400A50364 /* AppDelegate.m */; };
		368D6D801BF1EA2400A50364 /* CurrentLocationViewController.m in Sources */ = {isa = PBXBuildFile; fileRef = 368D6D7F1BF1EA2400A50364 /* CurrentLocationViewController.m */; };
		368D6D831BF1EA2400A50364 /* SecondViewController.m in Sources */ = {isa = PBXBuildFile; fileRef = 368D6D821BF1EA2400A50364 /* SecondViewController.m */; };
		368D6D861BF1EA2400A50364 /* Main.storyboard in Resources */ = {isa = PBXBuildFile; fileRef = 368D6D841BF1EA2400A50364 /* Main.storyboard */; };
		368D6D881BF1EA2400A50364 /* Assets.xcassets in Resources */ = {isa = PBXBuildFile; fileRef = 368D6D871BF1EA2400A50364 /* Assets.xcassets */; };
		368D6D8B1BF1EA2400A50364 /* LaunchScreen.storyboard in Resources */ = {isa = PBXBuildFile; fileRef = 368D6D891BF1EA2400A50364 /* LaunchScreen.storyboard */; };
		36EAEF7C1BF2CFE60043EE4B /* CoreLocation.framework in Frameworks */ = {isa = PBXBuildFile; fileRef = 36EAEF7B1BF2CFE60043EE4B /* CoreLocation.framework */; };
/* End PBXBuildFile section */

/* Begin PBXFileReference section */
		368D6D751BF1EA2400A50364 /* MyLocations.app */ = {isa = PBXFileReference; explicitFileType = wrapper.application; includeInIndex = 0; path = MyLocations.app; sourceTree = BUILT_PRODUCTS_DIR; };
		368D6D791BF1EA2400A50364 /* main.m */ = {isa = PBXFileReference; lastKnownFileType = sourcecode.c.objc; path = main.m; sourceTree = "<group>"; };
		368D6D7B1BF1EA2400A50364 /* AppDelegate.h */ = {isa = PBXFileReference; lastKnownFileType = sourcecode.c.h; path = AppDelegate.h; sourceTree = "<group>"; };
		368D6D7C1BF1EA2400A50364 /* AppDelegate.m */ = {isa = PBXFileReference; lastKnownFileType = sourcecode.c.objc; path = AppDelegate.m; sourceTree = "<group>"; };
		368D6D7E1BF1EA2400A50364 /* CurrentLocationViewController.h */ = {isa = PBXFileReference; lastKnownFileType = sourcecode.c.h; path = CurrentLocationViewController.h; sourceTree = "<group>"; };
		368D6D7F1BF1EA2400A50364 /* CurrentLocationViewController.m */ = {isa = PBXFileReference; lastKnownFileType = sourcecode.c.objc; path = CurrentLocationViewController.m; sourceTree = "<group>"; };
		368D6D811BF1EA2400A50364 /* SecondViewController.h */ = {isa = PBXFileReference; lastKnownFileType = sourcecode.c.h; path = SecondViewController.h; sourceTree = "<group>"; };
		368D6D821BF1EA2400A50364 /* SecondViewController.m */ = {isa = PBXFileReference; lastKnownFileType = sourcecode.c.objc; path = SecondViewController.m; sourceTree = "<group>"; };
		368D6D851BF1EA2400A50364 /* Base */ = {isa = PBXFileReference; lastKnownFileType = file.storyboard; name = Base; path = Base.lproj/Main.storyboard; sourceTree = "<group>"; };
		368D6D871BF1EA2400A50364 /* Assets.xcassets */ = {isa = PBXFileReference; lastKnownFileType = folder.assetcatalog; path = Assets.xcassets; sourceTree = "<group>"; };
		368D6D8A1BF1EA2400A50364 /* Base */ = {isa = PBXFileReference; lastKnownFileType = file.storyboard; name = Base; path = Base.lproj/LaunchScreen.storyboard; sourceTree = "<group>"; };
		368D6D8C1BF1EA2400A50364 /* Info.plist */ = {isa = PBXFileReference; lastKnownFileType = text.plist.xml; path = Info.plist; sourceTree = "<group>"; };
		36EAEF7B1BF2CFE60043EE4B /* CoreLocation.framework */ = {isa = PBXFileReference; lastKnownFileType = wrapper.framework; name = CoreLocation.framework; path = System/Library/Frameworks/CoreLocation.framework; sourceTree = SDKROOT; };
/* End PBXFileReference section */

/* Begin PBXFrameworksBuildPhase section */
		368D6D721BF1EA2400A50364 /* Frameworks */ = {
			isa = PBXFrameworksBuildPhase;
			buildActionMask = 2147483647;
			files = (
				36EAEF7C1BF2CFE60043EE4B /* CoreLocation.framework in Frameworks */,
			);
			runOnlyForDeploymentPostprocessing = 0;
		};
/* End PBXFrameworksBuildPhase section */

/* Begin PBXGroup section */
		368D6D6C1BF1EA2400A50364 = {
			isa = PBXGroup;
			children = (
				36EAEF7B1BF2CFE60043EE4B /* CoreLocation.framework */,
				368D6D771BF1EA2400A50364 /* MyLocations */,
				368D6D761BF1EA2400A50364 /* Products */,
			);
			sourceTree = "<group>";
		};
		368D6D761BF1EA2400A50364 /* Products */ = {
			isa = PBXGroup;
			children = (
				368D6D751BF1EA2400A50364 /* MyLocations.app */,
			);
			name = Products;
			sourceTree = "<group>";
		};
		368D6D771BF1EA2400A50364 /* MyLocations */ = {
			isa = PBXGroup;
			children = (
				368D6D7B1BF1EA2400A50364 /* AppDelegate.h */,
				368D6D7C1BF1EA2400A50364 /* AppDelegate.m */,
				368D6D7E1BF1EA2400A50364 /* CurrentLocationViewController.h */,
				368D6D7F1BF1EA2400A50364 /* CurrentLocationViewController.m */,
				368D6D811BF1EA2400A50364 /* SecondViewController.h */,
				368D6D821BF1EA2400A50364 /* SecondViewController.m */,
				368D6D841BF1EA2400A50364 /* Main.storyboard */,
				368D6D871BF1EA2400A50364 /* Assets.xcassets */,
				368D6D891BF1EA2400A50364 /* LaunchScreen.storyboard */,
				368D6D8C1BF1EA2400A50364 /* Info.plist */,
				368D6D781BF1EA2400A50364 /* Supporting Files */,
			);
			path = MyLocations;
			sourceTree = "<group>";
		};
		368D6D781BF1EA2400A50364 /* Supporting Files */ = {
			isa = PBXGroup;
			children = (
				368D6D791BF1EA2400A50364 /* main.m */,
			);
			name = "Supporting Files";
			sourceTree = "<group>";
		};
/* End PBXGroup section */

/* Begin PBXNativeTarget section */
		368D6D741BF1EA2400A50364 /* MyLocations */ = {
			isa = PBXNativeTarget;
			buildConfigurationList = 368D6D8F1BF1EA2400A50364 /* Build configuration list for PBXNativeTarget "MyLocations" */;
			buildPhases = (
				368D6D711BF1EA2400A50364 /* Sources */,
				368D6D721BF1EA2400A50364 /* Frameworks */,
				368D6D731BF1EA2400A50364 /* Resources */,
			);
			buildRules = (
			);
			dependencies = (
			);
			name = MyLocations;
			productName = MyLocations;
			productReference = 368D6D751BF1EA2400A50364 /* MyLocations.app */;
			productType = "com.apple.product-type.application";
		};
/* End PBXNativeTarget section */

/* Begin PBXProject section */
		368D6D6D1BF1EA2400A50364 /* Project object */ = {
			isa = PBXProject;
			attributes = {
				LastUpgradeCheck = 0710;
				ORGANIZATIONNAME = "Nguyen Van Anh Tuan";
				TargetAttributes = {
					368D6D741BF1EA2400A50364 = {
						CreatedOnToolsVersion = 7.1;
						DevelopmentTeam = 6YDNUZLKWC;
					};
				};
			};
			buildConfigurationList = 368D6D701BF1EA2400A50364 /* Build configuration list for PBXProject "MyLocations" */;
			compatibilityVersion = "Xcode 3.2";
			developmentRegion = English;
			hasScannedForEncodings = 0;
			knownRegions = (
				en,
				Base,
			);
			mainGroup = 368D6D6C1BF1EA2400A50364;
			productRefGroup = 368D6D761BF1EA2400A50364 /* Products */;
			projectDirPath = "";
			projectRoot = "";
			targets = (
				368D6D741BF1EA2400A50364 /* MyLocations */,
			);
		};
/* End PBXProject section */

/* Begin PBXResourcesBuildPhase section */
		368D6D731BF1EA2400A50364 /* Resources */ = {
			isa = PBXResourcesBuildPhase;
			buildActionMask = 2147483647;
			files = (
				368D6D8B1BF1EA2400A50364 /* LaunchScreen.storyboard in Resources */,
				368D6D881BF1EA2400A50364 /* Assets.xcassets in Resources */,
				368D6D861BF1EA2400A50364 /* Main.storyboard in Resources */,
			);
			runOnlyForDeploymentPostprocessing = 0;
		};
/* End PBXResourcesBuildPhase section */

/* Begin PBXSourcesBuildPhase section */
		368D6D711BF1EA2400A50364 /* Sources */ = {
			isa = PBXSourcesBuildPhase;
			buildActionMask = 2147483647;
			files = (
				368D6D831BF1EA2400A50364 /* SecondViewController.m in Sources */,
				368D6D7D1BF1EA2400A50364 /* AppDelegate.m in Sources */,
				368D6D801BF1EA2400A50364 /* CurrentLocationViewController.m in Sources */,
				368D6D7A1BF1EA2400A50364 /* main.m in Sources */,
			);
			runOnlyForDeploymentPostprocessing = 0;
		};
/* End PBXSourcesBuildPhase section */

/* Begin PBXVariantGroup section */
		368D6D841BF1EA2400A50364 /* Main.storyboard */ = {
			isa = PBXVariantGroup;
			children = (
				368D6D851BF1EA2400A50364 /* Base */,
			);
			name = Main.storyboard;
			sourceTree = "<group>";
		};
		368D6D891BF1EA2400A50364 /* LaunchScreen.storyboard */ = {
			isa = PBXVariantGroup;
			children = (
				368D6D8A1BF1EA2400A50364 /* Base */,
			);
			name = LaunchScreen.storyboard;
			sourceTree = "<group>";
		};
/* End PBXVariantGroup section */

/* Begin XCBuildConfiguration section */
		368D6D8D1BF1EA2400A50364 /* Debug */ = {
			isa = XCBuildConfiguration;
			buildSettings = {
				ALWAYS_SEARCH_USER_PATHS = NO;
				CLANG_CXX_LANGUAGE_STANDARD = "gnu++0x";
				CLANG_CXX_LIBRARY = "libc++";
				CLANG_ENABLE_MODULES = YES;
				CLANG_ENABLE_OBJC_ARC = YES;
				CLANG_WARN_BOOL_CONVERSION = YES;
				CLANG_WARN_CONSTANT_CONVERSION = YES;
				CLANG_WARN_DIRECT_OBJC_ISA_USAGE = YES_ERROR;
				CLANG_WARN_EMPTY_BODY = YES;
				CLANG_WARN_ENUM_CONVERSION = YES;
				CLANG_WARN_INT_CONVERSION = YES;
				CLANG_WARN_OBJC_ROOT_CLASS = YES_ERROR;
				CLANG_WARN_UNREACHABLE_CODE = YES;
				CLANG_WARN__DUPLICATE_METHOD_MATCH = YES;
				"CODE_SIGN_IDENTITY[sdk=iphoneos*]" = "iPhone Developer";
				COPY_PHASE_STRIP = NO;
				DEBUG_INFORMATION_FORMAT = dwarf;
				ENABLE_STRICT_OBJC_MSGSEND = YES;
				ENABLE_TESTABILITY = YES;
				GCC_C_LANGUAGE_STANDARD = gnu99;
				GCC_DYNAMIC_NO_PIC = NO;
				GCC_NO_COMMON_BLOCKS = YES;
				GCC_OPTIMIZATION_LEVEL = 0;
				GCC_PREPROCESSOR_DEFINITIONS = (
					"DEBUG=1",
					"$(inherited)",
				);
				GCC_WARN_64_TO_32_BIT_CONVERSION = YES;
				GCC_WARN_ABOUT_RETURN_TYPE = YES_ERROR;
				GCC_WARN_UNDECLARED_SELECTOR = YES;
				GCC_WARN_UNINITIALIZED_AUTOS = YES_AGGRESSIVE;
				GCC_WARN_UNUSED_FUNCTION = YES;
				GCC_WARN_UNUSED_VARIABLE = YES;
				IPHONEOS_DEPLOYMENT_TARGET = 9.1;
				MTL_ENABLE_DEBUG_INFO = YES;
				ONLY_ACTIVE_ARCH = YES;
				SDKROOT = iphoneos;
			};
			name = Debug;
		};
		368D6D8E1BF1EA2400A50364 /* Release */ = {
			isa = XCBuildConfiguration;
			buildSettings = {
				ALWAYS_SEARCH_USER_PATHS = NO;
				CLANG_CXX_LANGUAGE_STANDARD = "gnu++0x";
				CLANG_CXX_LIBRARY = "libc++";
				CLANG_ENABLE_MODULES = YES;
				CLANG_ENABLE_OBJC_ARC = YES;
				CLANG_WARN_BOOL_CONVERSION = YES;
				CLANG_WARN_CONSTANT_CONVERSION = YES;
				CLANG_WARN_DIRECT_OBJC_ISA_USAGE = YES_ERROR;
				CLANG_WARN_EMPTY_BODY = YES;
				CLANG_WARN_ENUM_CONVERSION = YES;
				CLANG_WARN_INT_CONVERSION = YES;
				CLANG_WARN_OBJC_ROOT_CLASS = YES_ERROR;
				CLANG_WARN_UNREACHABLE_CODE = YES;
				CLANG_WARN__DUPLICATE_METHOD_MATCH = YES;
				"CODE_SIGN_IDENTITY[sdk=iphoneos*]" = "iPhone Developer";
				COPY_PHASE_STRIP = NO;
				DEBUG_INFORMATION_FORMAT = "dwarf-with-dsym";
				ENABLE_NS_ASSERTIONS = NO;
				ENABLE_STRICT_OBJC_MSGSEND = YES;
				GCC_C_LANGUAGE_STANDARD = gnu99;
				GCC_NO_COMMON_BLOCKS = YES;
				GCC_WARN_64_TO_32_BIT_CONVERSION = YES;
				GCC_WARN_ABOUT_RETURN_TYPE = YES_ERROR;
				GCC_WARN_UNDECLARED_SELECTOR = YES;
				GCC_WARN_UNINITIALIZED_AUTOS = YES_AGGRESSIVE;
				GCC_WARN_UNUSED_FUNCTION = YES;
				GCC_WARN_UNUSED_VARIABLE = YES;
				IPHONEOS_DEPLOYMENT_TARGET = 9.1;
				MTL_ENABLE_DEBUG_INFO = NO;
				SDKROOT = iphoneos;
				VALIDATE_PRODUCT = YES;
			};
			name = Release;
		};
		368D6D901BF1EA2400A50364 /* Debug */ = {
			isa = XCBuildConfiguration;
			buildSettings = {
				ASSETCATALOG_COMPILER_APPICON_NAME = AppIcon;
				CODE_SIGN_IDENTITY = "iPhone Developer";
				"CODE_SIGN_IDENTITY[sdk=iphoneos*]" = "iPhone Developer";
				INFOPLIST_FILE = MyLocations/Info.plist;
				LD_RUNPATH_SEARCH_PATHS = "$(inherited) @executable_path/Frameworks";
				PRODUCT_BUNDLE_IDENTIFIER = com.nvatuan.MyLocations;
				PRODUCT_NAME = "$(TARGET_NAME)";
				PROVISIONING_PROFILE = "";
			};
			name = Debug;
		};
		368D6D911BF1EA2400A50364 /* Release */ = {
			isa = XCBuildConfiguration;
			buildSettings = {
				ASSETCATALOG_COMPILER_APPICON_NAME = AppIcon;
				CODE_SIGN_IDENTITY = "iPhone Developer";
				"CODE_SIGN_IDENTITY[sdk=iphoneos*]" = "iPhone Developer";
				INFOPLIST_FILE = MyLocations/Info.plist;
				LD_RUNPATH_SEARCH_PATHS = "$(inherited) @executable_path/Frameworks";
				PRODUCT_BUNDLE_IDENTIFIER = com.nvatuan.MyLocations;
				PRODUCT_NAME = "$(TARGET_NAME)";
				PROVISIONING_PROFILE = "";
			};
			name = Release;
		};
/* End XCBuildConfiguration section */

/* Begin XCConfigurationList section */
		368D6D701BF1EA2400A50364 /* Build configuration list for PBXProject "MyLocations" */ = {
			isa = XCConfigurationList;
			buildConfigurations = (
				368D6D8D1BF1EA2400A50364 /* Debug */,
				368D6D8E1BF1EA2400A50364 /* Release */,
			);
			defaultConfigurationIsVisible = 0;
			defaultConfigurationName = Release;
		};
		368D6D8F1BF1EA2400A50364 /* Build configuration list for PBXNativeTarget "MyLocations" */ = {
			isa = XCConfigurationList;
			buildConfigurations = (
				368D6D901BF1EA2400A50364 /* Debug */,
				368D6D911BF1EA2400A50364 /* Release */,
			);
			defaultConfigurationIsVisible = 0;
			defaultConfigurationName = Release;
		};
/* End XCConfigurationList section */
	};
	rootObject = 368D6D6D1BF1EA2400A50364 /* Project object */;
}
